
Microsoft Visual Studio Solution File, Format Version 12.00
# Visual Studio Version 17
VisualStudioVersion = 17.7.34003.232
MinimumVisualStudioVersion = 10.0.40219.1
Project("{FAE04EC0-301F-11D3-BF4B-00C04F79EFBC}") = "BackEndApi", "BackEndApi\BackEndApi.csproj", "{60185C1C-86C5-45FE-82E6-5BE82366EFFE}"
EndProject
Global
	GlobalSection(SolutionConfigurationPlatforms) = preSolution
		Debug|Any CPU = Debug|Any CPU
		Release|Any CPU = Release|Any CPU
	EndGlobalSection
	GlobalSection(ProjectConfigurationPlatforms) = postSolution
		{60185C1C-86C5-45FE-82E6-5BE82366EFFE}.Debug|Any CPU.ActiveCfg = Debug|Any CPU
		{60185C1C-86C5-45FE-82E6-5BE82366EFFE}.Debug|Any CPU.Build.0 = Debug|Any CPU
		{60185C1C-86C5-45FE-82E6-5BE82366EFFE}.Release|Any CPU.ActiveCfg = Release|Any CPU
		{60185C1C-86C5-45FE-82E6-5BE82366EFFE}.Release|Any CPU.Build.0 = Release|Any CPU
	EndGlobalSection
	GlobalSection(SolutionProperties) = preSolution
		HideSolutionNode = FALSE
	EndGlobalSection
	GlobalSection(ExtensibilityGlobals) = postSolution
		SolutionGuid = {D4D0373F-2580-48F7-A4AA-8D35911DA7EB}
	EndGlobalSection
EndGlobal
